
Microsoft Visual Studio Solution File, Format Version 12.00
# Visual Studio Version 17
VisualStudioVersion = 17.11.35327.3
MinimumVisualStudioVersion = 10.0.40219.1
Project("{8BC9CEB8-8B4A-11D0-8D11-00A0C91BC942}") = "Team", "Team\Team.vcxproj", "{7349798C-ED4A-42E4-BBD2-2457814AF123}"
EndProject
Global
	GlobalSection(SolutionConfigurationPlatforms) = preSolution
		Debug|x64 = Debug|x64
		Debug|x86 = Debug|x86
		Release|x64 = Release|x64
		Release|x86 = Release|x86
	EndGlobalSection
	GlobalSection(ProjectConfigurationPlatforms) = postSolution
		{7349798C-ED4A-42E4-BBD2-2457814AF123}.Debug|x64.ActiveCfg = Debug|x64
		{7349798C-ED4A-42E4-BBD2-2457814AF123}.Debug|x64.Build.0 = Debug|x64
		{7349798C-ED4A-42E4-BBD2-2457814AF123}.Debug|x86.ActiveCfg = Debug|Win32
		{7349798C-ED4A-42E4-BBD2-2457814AF123}.Debug|x86.Build.0 = Debug|Win32
		{7349798C-ED4A-42E4-BBD2-2457814AF123}.Release|x64.ActiveCfg = Release|x64
		{7349798C-ED4A-42E4-BBD2-2457814AF123}.Release|x64.Build.0 = Release|x64
		{7349798C-ED4A-42E4-BBD2-2457814AF123}.Release|x86.ActiveCfg = Release|Win32
		{7349798C-ED4A-42E4-BBD2-2457814AF123}.Release|x86.Build.0 = Release|Win32
	EndGlobalSection
	GlobalSection(SolutionProperties) = preSolution
		HideSolutionNode = FALSE
	EndGlobalSection
	GlobalSection(ExtensibilityGlobals) = postSolution
		SolutionGuid = {A7B267AF-DC60-4A71-AB18-BB0E3F58D6E5}
	EndGlobalSection
EndGlobal
